
Microsoft Visual Studio Solution File, Format Version 12.00
# Visual Studio Version 17
VisualStudioVersion = 17.11.35327.3
MinimumVisualStudioVersion = 10.0.40219.1
Project("{FAE04EC0-301F-11D3-BF4B-00C04F79EFBC}") = "CodeSense", "CodeSense\CodeSense.csproj", "{9B3EEAB6-3B75-4957-90DA-ED5DCFA598BD}"
EndProject
Global
	GlobalSection(SolutionConfigurationPlatforms) = preSolution
		Debug|Any CPU = Debug|Any CPU
		Release|Any CPU = Release|Any CPU
	EndGlobalSection
	GlobalSection(ProjectConfigurationPlatforms) = postSolution
		{9B3EEAB6-3B75-4957-90DA-ED5DCFA598BD}.Debug|Any CPU.ActiveCfg = Debug|Any CPU
		{9B3EEAB6-3B75-4957-90DA-ED5DCFA598BD}.Debug|Any CPU.Build.0 = Debug|Any CPU
		{9B3EEAB6-3B75-4957-90DA-ED5DCFA598BD}.Release|Any CPU.ActiveCfg = Release|Any CPU
		{9B3EEAB6-3B75-4957-90DA-ED5DCFA598BD}.Release|Any CPU.Build.0 = Release|Any CPU
	EndGlobalSection
	GlobalSection(SolutionProperties) = preSolution
		HideSolutionNode = FALSE
	EndGlobalSection
	GlobalSection(ExtensibilityGlobals) = postSolution
		SolutionGuid = {A11C280D-D89D-433B-AF4E-62A9B9DF63FD}
	EndGlobalSection
EndGlobal
